defaults: &defaults
  name: Lorem Ipsum
  welcome/index:
    title: Lorem Ipsum - это текст-"рыба"
    description: Lorem Ipsum - это текст-"рыба", часто используемый в печати и вэб-дизайне. Lorem Ipsum является стандартной "рыбой" для текстов на латинице с начала XVI века. В то время некий безымянный печатник создал большую коллекцию размеров и форм шрифтов, используя Lorem Ipsum для распечатки образцов.

development:
  <<: *defaults

test:
  <<: *defaults

production:
  avtorif.ru:
    <<: *defaults
    name: Авториф
    welcome/index:
      title: Интернет магазин автозапчастей - Авториф
      description: Мы занимаемся продажей оригинальных и неоригинальных запчастей для японских автомобилей. Для вашего удобства мы принимаем оплату всеми современными способами. Приобретенный товар вы можете самостоятельно забрать в наших магазинах в Москве или заказать доставку. Так же мы отправляем почтовыми и транспортными компаниями по России.
  zapstok.ru:
    <<: *defaults
    name: Запсток
    welcome/index:
      title: Интернет магазин автозапчастей - Запсток
      description: Компания Запсток занимается продажей запчастей на все легковые иномарки. У нас вы можете оплатить товар электронными и наличными деньгами. Приобретя товар вы можете самостоятельно забрать его наших магазинах в Москве или заказать доставку. Вы так же можете заказать доставку траснпортной или почтовой службой по России.
