defaults: &defaults
  welcome/index:
    title: Интернет магазин автозапчастей - Авториф
    description: Мы занимаемся продажей оригинальных и неоригинальных запчастей для японских автомобилей. Для вашего удобства мы принимаем оплату всеми современными способами. Приобретенный товар вы можете самостоятельно забрать в наших магазинах в Москве или заказать доставку. Так же мы отправляем почтовыми и транспортными компаниями по России.

development:
  <<: *defaults

test:
  <<: *defaults

production:
  <<: *defaults
